<Solution>
  <Folder Name="/src/">
    <Project Path="src/ASAP.Api/ASAP.Api.csproj" />
  </Folder>
  <Folder Name="/src/Platform/">
    <Project Path="src/Platform/ASAP.Platform.Kernel/ASAP.Platform.Kernel.csproj" />
    <Project Path="src/Platform/ASAP.Platform.Core/ASAP.Platform.Core.csproj" />
    <Project Path="src/Platform/ASAP.Platform.Persistence/ASAP.Platform.Persistence.csproj" />
    <Project Path="src/Platform/ASAP.Platform.Extensibility/ASAP.Platform.Extensibility.csproj" />
  </Folder>
  <Folder Name="/src/Modules/">
    <Project Path="src/Modules/ASAP.Modules.Finance/ASAP.Modules.Finance.csproj" />
    <Project Path="src/Modules/ASAP.Modules.Inventory/ASAP.Modules.Inventory.csproj" />
    <Project Path="src/Modules/ASAP.Modules.Purchasing/ASAP.Modules.Purchasing.csproj" />
    <Project Path="src/Modules/ASAP.Modules.Sales/ASAP.Modules.Sales.csproj" />
    <Project Path="src/Modules/ASAP.Modules.Promotions/ASAP.Modules.Promotions.csproj" />
    <Project Path="src/Modules/ASAP.Modules.Pos/ASAP.Modules.Pos.csproj" />
  </Folder>
  <Folder Name="/src/Sdk/">
    <Project Path="src/Sdk/ASAP.Extensions.Sdk/ASAP.Extensions.Sdk.csproj" />
  </Folder>
  <Folder Name="/tests/">
    <Project Path="tests/ASAP.Platform.Tests/ASAP.Platform.Tests.csproj" />
    <Project Path="tests/ASAP.Modules.Finance.Tests/ASAP.Modules.Finance.Tests.csproj" />
    <Project Path="tests/ASAP.Modules.Inventory.Tests/ASAP.Modules.Inventory.Tests.csproj" />
    <Project Path="tests/ASAP.Modules.Purchasing.Tests/ASAP.Modules.Purchasing.Tests.csproj" />
    <Project Path="tests/ASAP.Modules.Sales.Tests/ASAP.Modules.Sales.Tests.csproj" />
    <Project Path="tests/ASAP.Modules.Pos.Tests/ASAP.Modules.Pos.Tests.csproj" />
    <Project Path="tests/ASAP.Modules.Promotions.Tests/ASAP.Modules.Promotions.Tests.csproj" />
    <Project Path="tests/ASAP.Conformance.Tests/ASAP.Conformance.Tests.csproj" />
  </Folder>
</Solution>
